
Microsoft Visual Studio Solution File, Format Version 12.00
# Visual Studio Version 17
VisualStudioVersion = 17.7.34221.43
MinimumVisualStudioVersion = 10.0.40219.1
Project("{FAE04EC0-301F-11D3-BF4B-00C04F79EFBC}") = "StreamAutoScheduler", "StreamAutoScheduler\StreamAutoScheduler.csproj", "{AD486876-821B-499D-8E17-6C279E07D96D}"
EndProject
Global
	GlobalSection(SolutionConfigurationPlatforms) = preSolution
		Debug|Any CPU = Debug|Any CPU
		Release|Any CPU = Release|Any CPU
	EndGlobalSection
	GlobalSection(ProjectConfigurationPlatforms) = postSolution
		{AD486876-821B-499D-8E17-6C279E07D96D}.Debug|Any CPU.ActiveCfg = Debug|Any CPU
		{AD486876-821B-499D-8E17-6C279E07D96D}.Debug|Any CPU.Build.0 = Debug|Any CPU
		{AD486876-821B-499D-8E17-6C279E07D96D}.Release|Any CPU.ActiveCfg = Release|Any CPU
		{AD486876-821B-499D-8E17-6C279E07D96D}.Release|Any CPU.Build.0 = Release|Any CPU
	EndGlobalSection
	GlobalSection(SolutionProperties) = preSolution
		HideSolutionNode = FALSE
	EndGlobalSection
	GlobalSection(ExtensibilityGlobals) = postSolution
		SolutionGuid = {E82C9579-BFC1-4A43-A333-E80ABC0F0FCF}
	EndGlobalSection
EndGlobal
